// !$*UTF8*$!
{
	archiveVersion = 1;
	classes = {
	};
	objectVersion = 56;
	objects = {

/* Begin PBXBuildFile section */
		3F269ACF2BD200A2001E016D /* FavouiteButton.swift in Sources */ = {isa = PBXBuildFile; fileRef = 3F269ACE2BD200A2001E016D /* FavouiteButton.swift */; };
		3F269AD32BD204C1001E016D /* HexagonParameters.swift in Sources */ = {isa = PBXBuildFile; fileRef = 3F269AD22BD204C1001E016D /* HexagonParameters.swift */; };
		3F269AD52BD205FA001E016D /* BadgeBackground.swift in Sources */ = {isa = PBXBuildFile; fileRef = 3F269AD42BD205FA001E016D /* BadgeBackground.swift */; };
		3F269AD72BD20936001E016D /* BadgeSymbol.swift in Sources */ = {isa = PBXBuildFile; fileRef = 3F269AD62BD20936001E016D /* BadgeSymbol.swift */; };
		3F269AD92BD209CD001E016D /* RotatedBadgeSymbol.swift in Sources */ = {isa = PBXBuildFile; fileRef = 3F269AD82BD209CD001E016D /* RotatedBadgeSymbol.swift */; };
		3F269ADC2BD20A79001E016D /* Badge.swift in Sources */ = {isa = PBXBuildFile; fileRef = 3F269ADB2BD20A79001E016D /* Badge.swift */; };
		3F269ADF2BD20BED001E016D /* hikeData.json in Resources */ = {isa = PBXBuildFile; fileRef = 3F269ADE2BD20BED001E016D /* hikeData.json */; };
		3F269AE12BD20C19001E016D /* Hike.swift in Sources */ = {isa = PBXBuildFile; fileRef = 3F269AE02BD20C19001E016D /* Hike.swift */; };
		3F269AF02BD20CFD001E016D /* GraphCapsule.swift in Sources */ = {isa = PBXBuildFile; fileRef = 3F269AEC2BD20CFD001E016D /* GraphCapsule.swift */; };
		3F269AF12BD20CFD001E016D /* HikeGraph.swift in Sources */ = {isa = PBXBuildFile; fileRef = 3F269AED2BD20CFD001E016D /* HikeGraph.swift */; };
		3F269AF22BD20CFD001E016D /* HikeDetail.swift in Sources */ = {isa = PBXBuildFile; fileRef = 3F269AEE2BD20CFD001E016D /* HikeDetail.swift */; };
		3F269AF32BD20CFD001E016D /* HikeView.swift in Sources */ = {isa = PBXBuildFile; fileRef = 3F269AEF2BD20CFD001E016D /* HikeView.swift */; };
		3F269AF62BD2116A001E016D /* CategoryHome.swift in Sources */ = {isa = PBXBuildFile; fileRef = 3F269AF52BD2116A001E016D /* CategoryHome.swift */; };
		3F269AFA2BD212E0001E016D /* CategoryRow.swift in Sources */ = {isa = PBXBuildFile; fileRef = 3F269AF92BD212E0001E016D /* CategoryRow.swift */; };
		3F269AFC2BD2147C001E016D /* CategoryItem.swift in Sources */ = {isa = PBXBuildFile; fileRef = 3F269AFB2BD2147C001E016D /* CategoryItem.swift */; };
		3F269AFE2BD21A15001E016D /* Profile.swift in Sources */ = {isa = PBXBuildFile; fileRef = 3F269AFD2BD21A15001E016D /* Profile.swift */; };
		3F269B012BD21A67001E016D /* ProfileHost.swift in Sources */ = {isa = PBXBuildFile; fileRef = 3F269B002BD21A67001E016D /* ProfileHost.swift */; };
		3F269B032BD21AC3001E016D /* ProfileSummary.swift in Sources */ = {isa = PBXBuildFile; fileRef = 3F269B022BD21AC3001E016D /* ProfileSummary.swift */; };
		3F269B052BD21BBB001E016D /* HikeBadge.swift in Sources */ = {isa = PBXBuildFile; fileRef = 3F269B042BD21BBB001E016D /* HikeBadge.swift */; };
		3F269B072BD21F4E001E016D /* ProfileEditor.swift in Sources */ = {isa = PBXBuildFile; fileRef = 3F269B062BD21F4E001E016D /* ProfileEditor.swift */; };
		3F9FD1612BD0DFB60004F4EC /* LandmarksApp.swift in Sources */ = {isa = PBXBuildFile; fileRef = 3F9FD1602BD0DFB60004F4EC /* LandmarksApp.swift */; };
		3F9FD1632BD0DFB60004F4EC /* ContentView.swift in Sources */ = {isa = PBXBuildFile; fileRef = 3F9FD1622BD0DFB60004F4EC /* ContentView.swift */; };
		3F9FD1652BD0DFB70004F4EC /* Assets.xcassets in Resources */ = {isa = PBXBuildFile; fileRef = 3F9FD1642BD0DFB70004F4EC /* Assets.xcassets */; };
		3F9FD1682BD0DFB70004F4EC /* Preview Assets.xcassets in Resources */ = {isa = PBXBuildFile; fileRef = 3F9FD1672BD0DFB70004F4EC /* Preview Assets.xcassets */; };
		3F9FD1722BD0DFB70004F4EC /* LandmarksTests.swift in Sources */ = {isa = PBXBuildFile; fileRef = 3F9FD1712BD0DFB70004F4EC /* LandmarksTests.swift */; };
		3F9FD17C2BD0DFB70004F4EC /* LandmarksUITests.swift in Sources */ = {isa = PBXBuildFile; fileRef = 3F9FD17B2BD0DFB70004F4EC /* LandmarksUITests.swift */; };
		3F9FD17E2BD0DFB70004F4EC /* LandmarksUITestsLaunchTests.swift in Sources */ = {isa = PBXBuildFile; fileRef = 3F9FD17D2BD0DFB70004F4EC /* LandmarksUITestsLaunchTests.swift */; };
		3F9FD18B2BD0E6E20004F4EC /* CircleImage.swift in Sources */ = {isa = PBXBuildFile; fileRef = 3F9FD18A2BD0E6E20004F4EC /* CircleImage.swift */; };
		3F9FD18D2BD0E7E90004F4EC /* MapView.swift in Sources */ = {isa = PBXBuildFile; fileRef = 3F9FD18C2BD0E7E90004F4EC /* MapView.swift */; };
		3F9FD18F2BD0ECBF0004F4EC /* landmarkData.json in Resources */ = {isa = PBXBuildFile; fileRef = 3F9FD18E2BD0ECBF0004F4EC /* landmarkData.json */; };
		3F9FD1912BD0ECF40004F4EC /* Landmark.swift in Sources */ = {isa = PBXBuildFile; fileRef = 3F9FD1902BD0ECF40004F4EC /* Landmark.swift */; };
		3F9FD1932BD0EF6A0004F4EC /* ModelData.swift in Sources */ = {isa = PBXBuildFile; fileRef = 3F9FD1922BD0EF6A0004F4EC /* ModelData.swift */; };
		3F9FD1982BD0F0CB0004F4EC /* LandmarkRow.swift in Sources */ = {isa = PBXBuildFile; fileRef = 3F9FD1972BD0F0CB0004F4EC /* LandmarkRow.swift */; };
		3F9FD19A2BD0F26E0004F4EC /* LandmarkList.swift in Sources */ = {isa = PBXBuildFile; fileRef = 3F9FD1992BD0F26E0004F4EC /* LandmarkList.swift */; };
		3F9FD19C2BD0F3C20004F4EC /* LandmarkDetail.swift in Sources */ = {isa = PBXBuildFile; fileRef = 3F9FD19B2BD0F3C20004F4EC /* LandmarkDetail.swift */; };
		3FB668892BDA175C0069A0C5 /* PageViewController.swift in Sources */ = {isa = PBXBuildFile; fileRef = 3FB668882BDA175C0069A0C5 /* PageViewController.swift */; };
		3FB6688B2BDA17760069A0C5 /* PageView.swift in Sources */ = {isa = PBXBuildFile; fileRef = 3FB6688A2BDA17760069A0C5 /* PageView.swift */; };
		3FB6688D2BDA17890069A0C5 /* FeatureCard.swift in Sources */ = {isa = PBXBuildFile; fileRef = 3FB6688C2BDA17890069A0C5 /* FeatureCard.swift */; };
		3FB6688F2BDA1AC50069A0C5 /* PageControl.swift in Sources */ = {isa = PBXBuildFile; fileRef = 3FB6688E2BDA1AC50069A0C5 /* PageControl.swift */; };
		3FB6690C2BDA27470069A0C5 /* ContentView.swift in Sources */ = {isa = PBXBuildFile; fileRef = 3FB6690B2BDA27470069A0C5 /* ContentView.swift */; };
		3FB669112BDA27480069A0C5 /* Preview Assets.xcassets in Resources */ = {isa = PBXBuildFile; fileRef = 3FB669102BDA27480069A0C5 /* Preview Assets.xcassets */; };
		3FB669142BDA27480069A0C5 /* WatchLandmarks Watch App.app in Embed Watch Content */ = {isa = PBXBuildFile; fileRef = 3FB669072BDA27470069A0C5 /* WatchLandmarks Watch App.app */; settings = {ATTRIBUTES = (RemoveHeadersOnCopy, ); }; };
		3FB669192BDA27B50069A0C5 /* LandmarkRow.swift in Sources */ = {isa = PBXBuildFile; fileRef = 3F9FD1972BD0F0CB0004F4EC /* LandmarkRow.swift */; };
		3FB6691A2BDA27B50069A0C5 /* Hike.swift in Sources */ = {isa = PBXBuildFile; fileRef = 3F269AE02BD20C19001E016D /* Hike.swift */; };
		3FB6691B2BDA27B50069A0C5 /* Profile.swift in Sources */ = {isa = PBXBuildFile; fileRef = 3F269AFD2BD21A15001E016D /* Profile.swift */; };
		3FB6691C2BDA27B50069A0C5 /* hikeData.json in Resources */ = {isa = PBXBuildFile; fileRef = 3F269ADE2BD20BED001E016D /* hikeData.json */; };
		3FB6691D2BDA27B50069A0C5 /* landmarkData.json in Resources */ = {isa = PBXBuildFile; fileRef = 3F9FD18E2BD0ECBF0004F4EC /* landmarkData.json */; };
		3FB6691F2BDA27B50069A0C5 /* ModelData.swift in Sources */ = {isa = PBXBuildFile; fileRef = 3F9FD1922BD0EF6A0004F4EC /* ModelData.swift */; };
		3FB669202BDA27B50069A0C5 /* CircleImage.swift in Sources */ = {isa = PBXBuildFile; fileRef = 3F9FD18A2BD0E6E20004F4EC /* CircleImage.swift */; };
		3FB669212BDA27B50069A0C5 /* LandmarksApp.swift in Sources */ = {isa = PBXBuildFile; fileRef = 3F9FD1602BD0DFB60004F4EC /* LandmarksApp.swift */; };
		3FB669222BDA27B50069A0C5 /* LandmarkList.swift in Sources */ = {isa = PBXBuildFile; fileRef = 3F9FD1992BD0F26E0004F4EC /* LandmarkList.swift */; };
		3FB669232BDA27B50069A0C5 /* MapView.swift in Sources */ = {isa = PBXBuildFile; fileRef = 3F9FD18C2BD0E7E90004F4EC /* MapView.swift */; };
		3FB669242BDA27B50069A0C5 /* Landmark.swift in Sources */ = {isa = PBXBuildFile; fileRef = 3F9FD1902BD0ECF40004F4EC /* Landmark.swift */; };
		3FB669262BDA28510069A0C5 /* LandmarkDetail.swift in Sources */ = {isa = PBXBuildFile; fileRef = 3FB669252BDA28510069A0C5 /* LandmarkDetail.swift */; };
		3FB669272BDA293A0069A0C5 /* Assets.xcassets in Resources */ = {isa = PBXBuildFile; fileRef = 3FB6690D2BDA27480069A0C5 /* Assets.xcassets */; };
		3FB669292BDA2BC40069A0C5 /* NotificationView.swift in Sources */ = {isa = PBXBuildFile; fileRef = 3FB669282BDA2BC40069A0C5 /* NotificationView.swift */; };
		3FB6692B2BDA2C0F0069A0C5 /* NotificationController.swift in Sources */ = {isa = PBXBuildFile; fileRef = 3FB6692A2BDA2C0F0069A0C5 /* NotificationController.swift */; };
		3FB6692D2BDA304A0069A0C5 /* Assets.xcassets in Resources */ = {isa = PBXBuildFile; fileRef = 3F9FD1642BD0DFB70004F4EC /* Assets.xcassets */; };
/* End PBXBuildFile section */

/* Begin PBXContainerItemProxy section */
		3F9FD16E2BD0DFB70004F4EC /* PBXContainerItemProxy */ = {
			isa = PBXContainerItemProxy;
			containerPortal = 3F9FD1552BD0DFB60004F4EC /* Project object */;
			proxyType = 1;
			remoteGlobalIDString = 3F9FD15C2BD0DFB60004F4EC;
			remoteInfo = Landmarks;
		};
		3F9FD1782BD0DFB70004F4EC /* PBXContainerItemProxy */ = {
			isa = PBXContainerItemProxy;
			containerPortal = 3F9FD1552BD0DFB60004F4EC /* Project object */;
			proxyType = 1;
			remoteGlobalIDString = 3F9FD15C2BD0DFB60004F4EC;
			remoteInfo = Landmarks;
		};
		3FB669122BDA27480069A0C5 /* PBXContainerItemProxy */ = {
			isa = PBXContainerItemProxy;
			containerPortal = 3F9FD1552BD0DFB60004F4EC /* Project object */;
			proxyType = 1;
			remoteGlobalIDString = 3FB669062BDA27470069A0C5;
			remoteInfo = "WatchLandmarks Watch App";
		};
/* End PBXContainerItemProxy section */

/* Begin PBXCopyFilesBuildPhase section */
		3FB669152BDA27480069A0C5 /* Embed Watch Content */ = {
			isa = PBXCopyFilesBuildPhase;
			buildActionMask = 2147483647;
			dstPath = "$(CONTENTS_FOLDER_PATH)/Watch";
			dstSubfolderSpec = 16;
			files = (
				3FB669142BDA27480069A0C5 /* WatchLandmarks Watch App.app in Embed Watch Content */,
			);
			name = "Embed Watch Content";
			runOnlyForDeploymentPostprocessing = 0;
		};
/* End PBXCopyFilesBuildPhase section */

/* Begin PBXFileReference section */
		3F269ACE2BD200A2001E016D /* FavouiteButton.swift */ = {isa = PBXFileReference; lastKnownFileType = sourcecode.swift; path = FavouiteButton.swift; sourceTree = "<group>"; };
		3F269AD22BD204C1001E016D /* HexagonParameters.swift */ = {isa = PBXFileReference; lastKnownFileType = sourcecode.swift; path = HexagonParameters.swift; sourceTree = "<group>"; };
		3F269AD42BD205FA001E016D /* BadgeBackground.swift */ = {isa = PBXFileReference; lastKnownFileType = sourcecode.swift; path = BadgeBackground.swift; sourceTree = "<group>"; };
		3F269AD62BD20936001E016D /* BadgeSymbol.swift */ = {isa = PBXFileReference; lastKnownFileType = sourcecode.swift; path = BadgeSymbol.swift; sourceTree = "<group>"; };
		3F269AD82BD209CD001E016D /* RotatedBadgeSymbol.swift */ = {isa = PBXFileReference; lastKnownFileType = sourcecode.swift; path = RotatedBadgeSymbol.swift; sourceTree = "<group>"; };
		3F269ADB2BD20A79001E016D /* Badge.swift */ = {isa = PBXFileReference; lastKnownFileType = sourcecode.swift; path = Badge.swift; sourceTree = "<group>"; };
		3F269ADE2BD20BED001E016D /* hikeData.json */ = {isa = PBXFileReference; fileEncoding = 4; lastKnownFileType = text.json; path = hikeData.json; sourceTree = "<group>"; };
		3F269AE02BD20C19001E016D /* Hike.swift */ = {isa = PBXFileReference; lastKnownFileType = sourcecode.swift; path = Hike.swift; sourceTree = "<group>"; };
		3F269AEC2BD20CFD001E016D /* GraphCapsule.swift */ = {isa = PBXFileReference; fileEncoding = 4; lastKnownFileType = sourcecode.swift; path = GraphCapsule.swift; sourceTree = "<group>"; };
		3F269AED2BD20CFD001E016D /* HikeGraph.swift */ = {isa = PBXFileReference; fileEncoding = 4; lastKnownFileType = sourcecode.swift; path = HikeGraph.swift; sourceTree = "<group>"; };
		3F269AEE2BD20CFD001E016D /* HikeDetail.swift */ = {isa = PBXFileReference; fileEncoding = 4; lastKnownFileType = sourcecode.swift; path = HikeDetail.swift; sourceTree = "<group>"; };
		3F269AEF2BD20CFD001E016D /* HikeView.swift */ = {isa = PBXFileReference; fileEncoding = 4; lastKnownFileType = sourcecode.swift; path = HikeView.swift; sourceTree = "<group>"; };
		3F269AF52BD2116A001E016D /* CategoryHome.swift */ = {isa = PBXFileReference; lastKnownFileType = sourcecode.swift; path = CategoryHome.swift; sourceTree = "<group>"; };
		3F269AF92BD212E0001E016D /* CategoryRow.swift */ = {isa = PBXFileReference; lastKnownFileType = sourcecode.swift; path = CategoryRow.swift; sourceTree = "<group>"; };
		3F269AFB2BD2147C001E016D /* CategoryItem.swift */ = {isa = PBXFileReference; lastKnownFileType = sourcecode.swift; path = CategoryItem.swift; sourceTree = "<group>"; };
		3F269AFD2BD21A15001E016D /* Profile.swift */ = {isa = PBXFileReference; lastKnownFileType = sourcecode.swift; path = Profile.swift; sourceTree = "<group>"; };
		3F269B002BD21A67001E016D /* ProfileHost.swift */ = {isa = PBXFileReference; lastKnownFileType = sourcecode.swift; path = ProfileHost.swift; sourceTree = "<group>"; };
		3F269B022BD21AC3001E016D /* ProfileSummary.swift */ = {isa = PBXFileReference; lastKnownFileType = sourcecode.swift; path = ProfileSummary.swift; sourceTree = "<group>"; };
		3F269B042BD21BBB001E016D /* HikeBadge.swift */ = {isa = PBXFileReference; lastKnownFileType = sourcecode.swift; path = HikeBadge.swift; sourceTree = "<group>"; };
		3F269B062BD21F4E001E016D /* ProfileEditor.swift */ = {isa = PBXFileReference; lastKnownFileType = sourcecode.swift; path = ProfileEditor.swift; sourceTree = "<group>"; };
		3F9FD15D2BD0DFB60004F4EC /* Landmarks.app */ = {isa = PBXFileReference; explicitFileType = wrapper.application; includeInIndex = 0; path = Landmarks.app; sourceTree = BUILT_PRODUCTS_DIR; };
		3F9FD1602BD0DFB60004F4EC /* LandmarksApp.swift */ = {isa = PBXFileReference; lastKnownFileType = sourcecode.swift; path = LandmarksApp.swift; sourceTree = "<group>"; };
		3F9FD1622BD0DFB60004F4EC /* ContentView.swift */ = {isa = PBXFileReference; lastKnownFileType = sourcecode.swift; path = ContentView.swift; sourceTree = "<group>"; };
		3F9FD1642BD0DFB70004F4EC /* Assets.xcassets */ = {isa = PBXFileReference; lastKnownFileType = folder.assetcatalog; path = Assets.xcassets; sourceTree = "<group>"; };
		3F9FD1672BD0DFB70004F4EC /* Preview Assets.xcassets */ = {isa = PBXFileReference; lastKnownFileType = folder.assetcatalog; path = "Preview Assets.xcassets"; sourceTree = "<group>"; };
		3F9FD16D2BD0DFB70004F4EC /* LandmarksTests.xctest */ = {isa = PBXFileReference; explicitFileType = wrapper.cfbundle; includeInIndex = 0; path = LandmarksTests.xctest; sourceTree = BUILT_PRODUCTS_DIR; };
		3F9FD1712BD0DFB70004F4EC /* LandmarksTests.swift */ = {isa = PBXFileReference; lastKnownFileType = sourcecode.swift; path = LandmarksTests.swift; sourceTree = "<group>"; };
		3F9FD1772BD0DFB70004F4EC /* LandmarksUITests.xctest */ = {isa = PBXFileReference; explicitFileType = wrapper.cfbundle; includeInIndex = 0; path = LandmarksUITests.xctest; sourceTree = BUILT_PRODUCTS_DIR; };
		3F9FD17B2BD0DFB70004F4EC /* LandmarksUITests.swift */ = {isa = PBXFileReference; lastKnownFileType = sourcecode.swift; path = LandmarksUITests.swift; sourceTree = "<group>"; };
		3F9FD17D2BD0DFB70004F4EC /* LandmarksUITestsLaunchTests.swift */ = {isa = PBXFileReference; lastKnownFileType = sourcecode.swift; path = LandmarksUITestsLaunchTests.swift; sourceTree = "<group>"; };
		3F9FD18A2BD0E6E20004F4EC /* CircleImage.swift */ = {isa = PBXFileReference; lastKnownFileType = sourcecode.swift; path = CircleImage.swift; sourceTree = "<group>"; };
		3F9FD18C2BD0E7E90004F4EC /* MapView.swift */ = {isa = PBXFileReference; lastKnownFileType = sourcecode.swift; path = MapView.swift; sourceTree = "<group>"; };
		3F9FD18E2BD0ECBF0004F4EC /* landmarkData.json */ = {isa = PBXFileReference; fileEncoding = 4; lastKnownFileType = text.json; path = landmarkData.json; sourceTree = "<group>"; };
		3F9FD1902BD0ECF40004F4EC /* Landmark.swift */ = {isa = PBXFileReference; lastKnownFileType = sourcecode.swift; path = Landmark.swift; sourceTree = "<group>"; };
		3F9FD1922BD0EF6A0004F4EC /* ModelData.swift */ = {isa = PBXFileReference; lastKnownFileType = sourcecode.swift; path = ModelData.swift; sourceTree = "<group>"; };
		3F9FD1972BD0F0CB0004F4EC /* LandmarkRow.swift */ = {isa = PBXFileReference; lastKnownFileType = sourcecode.swift; path = LandmarkRow.swift; sourceTree = "<group>"; };
		3F9FD1992BD0F26E0004F4EC /* LandmarkList.swift */ = {isa = PBXFileReference; lastKnownFileType = sourcecode.swift; path = LandmarkList.swift; sourceTree = "<group>"; };
		3F9FD19B2BD0F3C20004F4EC /* LandmarkDetail.swift */ = {isa = PBXFileReference; lastKnownFileType = sourcecode.swift; path = LandmarkDetail.swift; sourceTree = "<group>"; };
		3FB668882BDA175C0069A0C5 /* PageViewController.swift */ = {isa = PBXFileReference; lastKnownFileType = sourcecode.swift; path = PageViewController.swift; sourceTree = "<group>"; };
		3FB6688A2BDA17760069A0C5 /* PageView.swift */ = {isa = PBXFileReference; lastKnownFileType = sourcecode.swift; path = PageView.swift; sourceTree = "<group>"; };
		3FB6688C2BDA17890069A0C5 /* FeatureCard.swift */ = {isa = PBXFileReference; lastKnownFileType = sourcecode.swift; path = FeatureCard.swift; sourceTree = "<group>"; };
		3FB6688E2BDA1AC50069A0C5 /* PageControl.swift */ = {isa = PBXFileReference; lastKnownFileType = sourcecode.swift; path = PageControl.swift; sourceTree = "<group>"; };
		3FB669072BDA27470069A0C5 /* WatchLandmarks Watch App.app */ = {isa = PBXFileReference; explicitFileType = wrapper.application; includeInIndex = 0; path = "WatchLandmarks Watch App.app"; sourceTree = BUILT_PRODUCTS_DIR; };
		3FB6690B2BDA27470069A0C5 /* ContentView.swift */ = {isa = PBXFileReference; lastKnownFileType = sourcecode.swift; path = ContentView.swift; sourceTree = "<group>"; };
		3FB6690D2BDA27480069A0C5 /* Assets.xcassets */ = {isa = PBXFileReference; lastKnownFileType = folder.assetcatalog; path = Assets.xcassets; sourceTree = "<group>"; };
		3FB669102BDA27480069A0C5 /* Preview Assets.xcassets */ = {isa = PBXFileReference; lastKnownFileType = folder.assetcatalog; path = "Preview Assets.xcassets"; sourceTree = "<group>"; };
		3FB669252BDA28510069A0C5 /* LandmarkDetail.swift */ = {isa = PBXFileReference; lastKnownFileType = sourcecode.swift; name = LandmarkDetail.swift; path = "Preview Content/LandmarkDetail.swift"; sourceTree = "<group>"; };
		3FB669282BDA2BC40069A0C5 /* NotificationView.swift */ = {isa = PBXFileReference; lastKnownFileType = sourcecode.swift; path = NotificationView.swift; sourceTree = "<group>"; };
		3FB6692A2BDA2C0F0069A0C5 /* NotificationController.swift */ = {isa = PBXFileReference; lastKnownFileType = sourcecode.swift; path = NotificationController.swift; sourceTree = "<group>"; };
		3FB6692C2BDA2D3D0069A0C5 /* PushNotificationPayload.apns */ = {isa = PBXFileReference; lastKnownFileType = text; path = PushNotificationPayload.apns; sourceTree = "<group>"; };
/* End PBXFileReference section */

/* Begin PBXFrameworksBuildPhase section */
		3F9FD15A2BD0DFB60004F4EC /* Frameworks */ = {
			isa = PBXFrameworksBuildPhase;
			buildActionMask = 2147483647;
			files = (
			);
			runOnlyForDeploymentPostprocessing = 0;
		};
		3F9FD16A2BD0DFB70004F4EC /* Frameworks */ = {
			isa = PBXFrameworksBuildPhase;
			buildActionMask = 2147483647;
			files = (
			);
			runOnlyForDeploymentPostprocessing = 0;
		};
		3F9FD1742BD0DFB70004F4EC /* Frameworks */ = {
			isa = PBXFrameworksBuildPhase;
			buildActionMask = 2147483647;
			files = (
			);
			runOnlyForDeploymentPostprocessing = 0;
		};
		3FB669042BDA27470069A0C5 /* Frameworks */ = {
			isa = PBXFrameworksBuildPhase;
			buildActionMask = 2147483647;
			files = (
			);
			runOnlyForDeploymentPostprocessing = 0;
		};
/* End PBXFrameworksBuildPhase section */

/* Begin PBXGroup section */
		3F269AD02BD201BF001E016D /* Landmarks */ = {
			isa = PBXGroup;
			children = (
				3F9FD1992BD0F26E0004F4EC /* LandmarkList.swift */,
				3F9FD1972BD0F0CB0004F4EC /* LandmarkRow.swift */,
				3F9FD19B2BD0F3C20004F4EC /* LandmarkDetail.swift */,
			);
			path = Landmarks;
			sourceTree = "<group>";
		};
		3F269AD12BD201E5001E016D /* Helper */ = {
			isa = PBXGroup;
			children = (
				3F9FD18A2BD0E6E20004F4EC /* CircleImage.swift */,
				3F9FD18C2BD0E7E90004F4EC /* MapView.swift */,
				3F269ACE2BD200A2001E016D /* FavouiteButton.swift */,
			);
			path = Helper;
			sourceTree = "<group>";
		};
		3F269ADD2BD20B25001E016D /* Badges */ = {
			isa = PBXGroup;
			children = (
				3F269ADB2BD20A79001E016D /* Badge.swift */,
				3F269AD42BD205FA001E016D /* BadgeBackground.swift */,
				3F269AD62BD20936001E016D /* BadgeSymbol.swift */,
				3F269AD82BD209CD001E016D /* RotatedBadgeSymbol.swift */,
				3F269AD22BD204C1001E016D /* HexagonParameters.swift */,
			);
			path = Badges;
			sourceTree = "<group>";
		};
		3F269AEB2BD20CFD001E016D /* Hikes */ = {
			isa = PBXGroup;
			children = (
				3F269AEC2BD20CFD001E016D /* GraphCapsule.swift */,
				3F269AED2BD20CFD001E016D /* HikeGraph.swift */,
				3F269AEE2BD20CFD001E016D /* HikeDetail.swift */,
				3F269AEF2BD20CFD001E016D /* HikeView.swift */,
				3F269B042BD21BBB001E016D /* HikeBadge.swift */,
			);
			path = Hikes;
			sourceTree = "<group>";
		};
		3F269AF42BD2112A001E016D /* Categories */ = {
			isa = PBXGroup;
			children = (
				3F269AF52BD2116A001E016D /* CategoryHome.swift */,
				3F269AF92BD212E0001E016D /* CategoryRow.swift */,
				3F269AFB2BD2147C001E016D /* CategoryItem.swift */,
			);
			path = Categories;
			sourceTree = "<group>";
		};
		3F269AFF2BD21A35001E016D /* Profiles */ = {
			isa = PBXGroup;
			children = (
				3F269B002BD21A67001E016D /* ProfileHost.swift */,
				3F269B022BD21AC3001E016D /* ProfileSummary.swift */,
				3F269B062BD21F4E001E016D /* ProfileEditor.swift */,
			);
			path = Profiles;
			sourceTree = "<group>";
		};
		3F9FD1542BD0DFB60004F4EC = {
			isa = PBXGroup;
			children = (
				3F9FD15F2BD0DFB60004F4EC /* Landmarks */,
				3F9FD1702BD0DFB70004F4EC /* LandmarksTests */,
				3F9FD17A2BD0DFB70004F4EC /* LandmarksUITests */,
				3FB669082BDA27470069A0C5 /* WatchLandmarks Watch App */,
				3F9FD15E2BD0DFB60004F4EC /* Products */,
			);
			sourceTree = "<group>";
		};
		3F9FD15E2BD0DFB60004F4EC /* Products */ = {
			isa = PBXGroup;
			children = (
				3F9FD15D2BD0DFB60004F4EC /* Landmarks.app */,
				3F9FD16D2BD0DFB70004F4EC /* LandmarksTests.xctest */,
				3F9FD1772BD0DFB70004F4EC /* LandmarksUITests.xctest */,
				3FB669072BDA27470069A0C5 /* WatchLandmarks Watch App.app */,
			);
			name = Products;
			sourceTree = "<group>";
		};
		3F9FD15F2BD0DFB60004F4EC /* Landmarks */ = {
			isa = PBXGroup;
			children = (
				3F9FD1602BD0DFB60004F4EC /* LandmarksApp.swift */,
				3F9FD1942BD0EFE70004F4EC /* Views */,
				3F9FD1952BD0F00B0004F4EC /* Model */,
				3F9FD1962BD0F0280004F4EC /* Resources */,
				3F9FD1642BD0DFB70004F4EC /* Assets.xcassets */,
				3F9FD1662BD0DFB70004F4EC /* Preview Content */,
			);
			path = Landmarks;
			sourceTree = "<group>";
		};
		3F9FD1662BD0DFB70004F4EC /* Preview Content */ = {
			isa = PBXGroup;
			children = (
				3F9FD1672BD0DFB70004F4EC /* Preview Assets.xcassets */,
			);
			path = "Preview Content";
			sourceTree = "<group>";
		};
		3F9FD1702BD0DFB70004F4EC /* LandmarksTests */ = {
			isa = PBXGroup;
			children = (
				3F9FD1712BD0DFB70004F4EC /* LandmarksTests.swift */,
			);
			path = LandmarksTests;
			sourceTree = "<group>";
		};
		3F9FD17A2BD0DFB70004F4EC /* LandmarksUITests */ = {
			isa = PBXGroup;
			children = (
				3F9FD17B2BD0DFB70004F4EC /* LandmarksUITests.swift */,
				3F9FD17D2BD0DFB70004F4EC /* LandmarksUITestsLaunchTests.swift */,
			);
			path = LandmarksUITests;
			sourceTree = "<group>";
		};
		3F9FD1942BD0EFE70004F4EC /* Views */ = {
			isa = PBXGroup;
			children = (
				3F9FD1622BD0DFB60004F4EC /* ContentView.swift */,
				3FB668872BDA17400069A0C5 /* PageView */,
				3F269AFF2BD21A35001E016D /* Profiles */,
				3F269AF42BD2112A001E016D /* Categories */,
				3F269AD02BD201BF001E016D /* Landmarks */,
				3F269AEB2BD20CFD001E016D /* Hikes */,
				3F269ADD2BD20B25001E016D /* Badges */,
				3F269AD12BD201E5001E016D /* Helper */,
				3FB6688C2BDA17890069A0C5 /* FeatureCard.swift */,
			);
			path = Views;
			sourceTree = "<group>";
		};
		3F9FD1952BD0F00B0004F4EC /* Model */ = {
			isa = PBXGroup;
			children = (
				3F9FD1922BD0EF6A0004F4EC /* ModelData.swift */,
				3F9FD1902BD0ECF40004F4EC /* Landmark.swift */,
				3F269AE02BD20C19001E016D /* Hike.swift */,
				3F269AFD2BD21A15001E016D /* Profile.swift */,
			);
			path = Model;
			sourceTree = "<group>";
		};
		3F9FD1962BD0F0280004F4EC /* Resources */ = {
			isa = PBXGroup;
			children = (
				3F269ADE2BD20BED001E016D /* hikeData.json */,
				3F9FD18E2BD0ECBF0004F4EC /* landmarkData.json */,
			);
			path = Resources;
			sourceTree = "<group>";
		};
		3FB668872BDA17400069A0C5 /* PageView */ = {
			isa = PBXGroup;
			children = (
				3FB6688E2BDA1AC50069A0C5 /* PageControl.swift */,
				3FB668882BDA175C0069A0C5 /* PageViewController.swift */,
				3FB6688A2BDA17760069A0C5 /* PageView.swift */,
			);
			path = PageView;
			sourceTree = "<group>";
		};
		3FB669082BDA27470069A0C5 /* WatchLandmarks Watch App */ = {
			isa = PBXGroup;
			children = (
				3FB669252BDA28510069A0C5 /* LandmarkDetail.swift */,
				3FB6690B2BDA27470069A0C5 /* ContentView.swift */,
				3FB6690D2BDA27480069A0C5 /* Assets.xcassets */,
				3FB6690F2BDA27480069A0C5 /* Preview Content */,
				3FB669282BDA2BC40069A0C5 /* NotificationView.swift */,
				3FB6692C2BDA2D3D0069A0C5 /* PushNotificationPayload.apns */,
			);
			path = "WatchLandmarks Watch App";
			sourceTree = "<group>";
		};
		3FB6690F2BDA27480069A0C5 /* Preview Content */ = {
			isa = PBXGroup;
			children = (
				3FB669102BDA27480069A0C5 /* Preview Assets.xcassets */,
				3FB6692A2BDA2C0F0069A0C5 /* NotificationController.swift */,
			);
			path = "Preview Content";
			sourceTree = "<group>";
		};
/* End PBXGroup section */

/* Begin PBXNativeTarget section */
		3F9FD15C2BD0DFB60004F4EC /* Landmarks */ = {
			isa = PBXNativeTarget;
			buildConfigurationList = 3F9FD1812BD0DFB70004F4EC /* Build configuration list for PBXNativeTarget "Landmarks" */;
			buildPhases = (
				3F9FD1592BD0DFB60004F4EC /* Sources */,
				3F9FD15A2BD0DFB60004F4EC /* Frameworks */,
				3F9FD15B2BD0DFB60004F4EC /* Resources */,
				3FB669152BDA27480069A0C5 /* Embed Watch Content */,
			);
			buildRules = (
			);
			dependencies = (
				3FB669132BDA27480069A0C5 /* PBXTargetDependency */,
			);
			name = Landmarks;
			productName = Landmarks;
			productReference = 3F9FD15D2BD0DFB60004F4EC /* Landmarks.app */;
			productType = "com.apple.product-type.application";
		};
		3F9FD16C2BD0DFB70004F4EC /* LandmarksTests */ = {
			isa = PBXNativeTarget;
			buildConfigurationList = 3F9FD1842BD0DFB70004F4EC /* Build configuration list for PBXNativeTarget "LandmarksTests" */;
			buildPhases = (
				3F9FD1692BD0DFB70004F4EC /* Sources */,
				3F9FD16A2BD0DFB70004F4EC /* Frameworks */,
				3F9FD16B2BD0DFB70004F4EC /* Resources */,
			);
			buildRules = (
			);
			dependencies = (
				3F9FD16F2BD0DFB70004F4EC /* PBXTargetDependency */,
			);
			name = LandmarksTests;
			productName = LandmarksTests;
			productReference = 3F9FD16D2BD0DFB70004F4EC /* LandmarksTests.xctest */;
			productType = "com.apple.product-type.bundle.unit-test";
		};
		3F9FD1762BD0DFB70004F4EC /* LandmarksUITests */ = {
			isa = PBXNativeTarget;
			buildConfigurationList = 3F9FD1872BD0DFB70004F4EC /* Build configuration list for PBXNativeTarget "LandmarksUITests" */;
			buildPhases = (
				3F9FD1732BD0DFB70004F4EC /* Sources */,
				3F9FD1742BD0DFB70004F4EC /* Frameworks */,
				3F9FD1752BD0DFB70004F4EC /* Resources */,
			);
			buildRules = (
			);
			dependencies = (
				3F9FD1792BD0DFB70004F4EC /* PBXTargetDependency */,
			);
			name = LandmarksUITests;
			productName = LandmarksUITests;
			productReference = 3F9FD1772BD0DFB70004F4EC /* LandmarksUITests.xctest */;
			productType = "com.apple.product-type.bundle.ui-testing";
		};
		3FB669062BDA27470069A0C5 /* WatchLandmarks Watch App */ = {
			isa = PBXNativeTarget;
			buildConfigurationList = 3FB669182BDA27480069A0C5 /* Build configuration list for PBXNativeTarget "WatchLandmarks Watch App" */;
			buildPhases = (
				3FB669032BDA27470069A0C5 /* Sources */,
				3FB669042BDA27470069A0C5 /* Frameworks */,
				3FB669052BDA27470069A0C5 /* Resources */,
			);
			buildRules = (
			);
			dependencies = (
			);
			name = "WatchLandmarks Watch App";
			productName = "WatchLandmarks Watch App";
			productReference = 3FB669072BDA27470069A0C5 /* WatchLandmarks Watch App.app */;
			productType = "com.apple.product-type.application";
		};
/* End PBXNativeTarget section */

/* Begin PBXProject section */
		3F9FD1552BD0DFB60004F4EC /* Project object */ = {
			isa = PBXProject;
			attributes = {
				BuildIndependentTargetsInParallel = 1;
				LastSwiftUpdateCheck = 1520;
				LastUpgradeCheck = 1520;
				TargetAttributes = {
					3F9FD15C2BD0DFB60004F4EC = {
						CreatedOnToolsVersion = 15.2;
					};
					3F9FD16C2BD0DFB70004F4EC = {
						CreatedOnToolsVersion = 15.2;
						TestTargetID = 3F9FD15C2BD0DFB60004F4EC;
					};
					3F9FD1762BD0DFB70004F4EC = {
						CreatedOnToolsVersion = 15.2;
						TestTargetID = 3F9FD15C2BD0DFB60004F4EC;
					};
					3FB669062BDA27470069A0C5 = {
						CreatedOnToolsVersion = 15.2;
					};
				};
			};
			buildConfigurationList = 3F9FD1582BD0DFB60004F4EC /* Build configuration list for PBXProject "Landmarks" */;
			compatibilityVersion = "Xcode 14.0";
			developmentRegion = en;
			hasScannedForEncodings = 0;
			knownRegions = (
				en,
				Base,
			);
			mainGroup = 3F9FD1542BD0DFB60004F4EC;
			productRefGroup = 3F9FD15E2BD0DFB60004F4EC /* Products */;
			projectDirPath = "";
			projectRoot = "";
			targets = (
				3F9FD15C2BD0DFB60004F4EC /* Landmarks */,
				3F9FD16C2BD0DFB70004F4EC /* LandmarksTests */,
				3F9FD1762BD0DFB70004F4EC /* LandmarksUITests */,
				3FB669062BDA27470069A0C5 /* WatchLandmarks Watch App */,
			);
		};
/* End PBXProject section */

/* Begin PBXResourcesBuildPhase section */
		3F9FD15B2BD0DFB60004F4EC /* Resources */ = {
			isa = PBXResourcesBuildPhase;
			buildActionMask = 2147483647;
			files = (
				3F269ADF2BD20BED001E016D /* hikeData.json in Resources */,
				3F9FD1682BD0DFB70004F4EC /* Preview Assets.xcassets in Resources */,
				3F9FD1652BD0DFB70004F4EC /* Assets.xcassets in Resources */,
				3F9FD18F2BD0ECBF0004F4EC /* landmarkData.json in Resources */,
			);
			runOnlyForDeploymentPostprocessing = 0;
		};
		3F9FD16B2BD0DFB70004F4EC /* Resources */ = {
			isa = PBXResourcesBuildPhase;
			buildActionMask = 2147483647;
			files = (
			);
			runOnlyForDeploymentPostprocessing = 0;
		};
		3F9FD1752BD0DFB70004F4EC /* Resources */ = {
			isa = PBXResourcesBuildPhase;
			buildActionMask = 2147483647;
			files = (
			);
			runOnlyForDeploymentPostprocessing = 0;
		};
		3FB669052BDA27470069A0C5 /* Resources */ = {
			isa = PBXResourcesBuildPhase;
			buildActionMask = 2147483647;
			files = (
				3FB669112BDA27480069A0C5 /* Preview Assets.xcassets in Resources */,
				3FB6691D2BDA27B50069A0C5 /* landmarkData.json in Resources */,
				3FB6691C2BDA27B50069A0C5 /* hikeData.json in Resources */,
				3FB669272BDA293A0069A0C5 /* Assets.xcassets in Resources */,
				3FB6692D2BDA304A0069A0C5 /* Assets.xcassets in Resources */,
			);
			runOnlyForDeploymentPostprocessing = 0;
		};
/* End PBXResourcesBuildPhase section */

/* Begin PBXSourcesBuildPhase section */
		3F9FD1592BD0DFB60004F4EC /* Sources */ = {
			isa = PBXSourcesBuildPhase;
			buildActionMask = 2147483647;
			files = (
				3F269AFA2BD212E0001E016D /* CategoryRow.swift in Sources */,
				3F269AFE2BD21A15001E016D /* Profile.swift in Sources */,
				3F9FD1632BD0DFB60004F4EC /* ContentView.swift in Sources */,
				3F269AF62BD2116A001E016D /* CategoryHome.swift in Sources */,
				3F269AF12BD20CFD001E016D /* HikeGraph.swift in Sources */,
				3F269ADC2BD20A79001E016D /* Badge.swift in Sources */,
				3F9FD18D2BD0E7E90004F4EC /* MapView.swift in Sources */,
				3F269AF02BD20CFD001E016D /* GraphCapsule.swift in Sources */,
				3F9FD1612BD0DFB60004F4EC /* LandmarksApp.swift in Sources */,
				3F9FD19A2BD0F26E0004F4EC /* LandmarkList.swift in Sources */,
				3FB6688F2BDA1AC50069A0C5 /* PageControl.swift in Sources */,
				3FB6688D2BDA17890069A0C5 /* FeatureCard.swift in Sources */,
				3F269AFC2BD2147C001E016D /* CategoryItem.swift in Sources */,
				3F269AF22BD20CFD001E016D /* HikeDetail.swift in Sources */,
				3F269B032BD21AC3001E016D /* ProfileSummary.swift in Sources */,
				3F269AD32BD204C1001E016D /* HexagonParameters.swift in Sources */,
				3F269B012BD21A67001E016D /* ProfileHost.swift in Sources */,
				3F269AE12BD20C19001E016D /* Hike.swift in Sources */,
				3F269AD92BD209CD001E016D /* RotatedBadgeSymbol.swift in Sources */,
				3F269AD72BD20936001E016D /* BadgeSymbol.swift in Sources */,
				3F269B072BD21F4E001E016D /* ProfileEditor.swift in Sources */,
				3F9FD19C2BD0F3C20004F4EC /* LandmarkDetail.swift in Sources */,
				3F269AF32BD20CFD001E016D /* HikeView.swift in Sources */,
				3F9FD18B2BD0E6E20004F4EC /* CircleImage.swift in Sources */,
				3FB668892BDA175C0069A0C5 /* PageViewController.swift in Sources */,
				3F269AD52BD205FA001E016D /* BadgeBackground.swift in Sources */,
				3F269B052BD21BBB001E016D /* HikeBadge.swift in Sources */,
				3FB6688B2BDA17760069A0C5 /* PageView.swift in Sources */,
				3F9FD1912BD0ECF40004F4EC /* Landmark.swift in Sources */,
				3F9FD1982BD0F0CB0004F4EC /* LandmarkRow.swift in Sources */,
				3F269ACF2BD200A2001E016D /* FavouiteButton.swift in Sources */,
				3F9FD1932BD0EF6A0004F4EC /* ModelData.swift in Sources */,
			);
			runOnlyForDeploymentPostprocessing = 0;
		};
		3F9FD1692BD0DFB70004F4EC /* Sources */ = {
			isa = PBXSourcesBuildPhase;
			buildActionMask = 2147483647;
			files = (
				3F9FD1722BD0DFB70004F4EC /* LandmarksTests.swift in Sources */,
			);
			runOnlyForDeploymentPostprocessing = 0;
		};
		3F9FD1732BD0DFB70004F4EC /* Sources */ = {
			isa = PBXSourcesBuildPhase;
			buildActionMask = 2147483647;
			files = (
				3F9FD17E2BD0DFB70004F4EC /* LandmarksUITestsLaunchTests.swift in Sources */,
				3F9FD17C2BD0DFB70004F4EC /* LandmarksUITests.swift in Sources */,
			);
			runOnlyForDeploymentPostprocessing = 0;
		};
		3FB669032BDA27470069A0C5 /* Sources */ = {
			isa = PBXSourcesBuildPhase;
			buildActionMask = 2147483647;
			files = (
				3FB6691A2BDA27B50069A0C5 /* Hike.swift in Sources */,
				3FB669212BDA27B50069A0C5 /* LandmarksApp.swift in Sources */,
				3FB6691B2BDA27B50069A0C5 /* Profile.swift in Sources */,
				3FB669222BDA27B50069A0C5 /* LandmarkList.swift in Sources */,
				3FB6691F2BDA27B50069A0C5 /* ModelData.swift in Sources */,
				3FB669192BDA27B50069A0C5 /* LandmarkRow.swift in Sources */,
				3FB6690C2BDA27470069A0C5 /* ContentView.swift in Sources */,
				3FB669232BDA27B50069A0C5 /* MapView.swift in Sources */,
				3FB669202BDA27B50069A0C5 /* CircleImage.swift in Sources */,
				3FB6692B2BDA2C0F0069A0C5 /* NotificationController.swift in Sources */,
				3FB669242BDA27B50069A0C5 /* Landmark.swift in Sources */,
				3FB669262BDA28510069A0C5 /* LandmarkDetail.swift in Sources */,
				3FB669292BDA2BC40069A0C5 /* NotificationView.swift in Sources */,
			);
			runOnlyForDeploymentPostprocessing = 0;
		};
/* End PBXSourcesBuildPhase section */

/* Begin PBXTargetDependency section */
		3F9FD16F2BD0DFB70004F4EC /* PBXTargetDependency */ = {
			isa = PBXTargetDependency;
			target = 3F9FD15C2BD0DFB60004F4EC /* Landmarks */;
			targetProxy = 3F9FD16E2BD0DFB70004F4EC /* PBXContainerItemProxy */;
		};
		3F9FD1792BD0DFB70004F4EC /* PBXTargetDependency */ = {
			isa = PBXTargetDependency;
			target = 3F9FD15C2BD0DFB60004F4EC /* Landmarks */;
			targetProxy = 3F9FD1782BD0DFB70004F4EC /* PBXContainerItemProxy */;
		};
		3FB669132BDA27480069A0C5 /* PBXTargetDependency */ = {
			isa = PBXTargetDependency;
			target = 3FB669062BDA27470069A0C5 /* WatchLandmarks Watch App */;
			targetProxy = 3FB669122BDA27480069A0C5 /* PBXContainerItemProxy */;
		};
/* End PBXTargetDependency section */

/* Begin XCBuildConfiguration section */
		3F9FD17F2BD0DFB70004F4EC /* Debug */ = {
			isa = XCBuildConfiguration;
			buildSettings = {
				ALWAYS_SEARCH_USER_PATHS = NO;
				ASSETCATALOG_COMPILER_GENERATE_SWIFT_ASSET_SYMBOL_EXTENSIONS = YES;
				CLANG_ANALYZER_NONNULL = YES;
				CLANG_ANALYZER_NUMBER_OBJECT_CONVERSION = YES_AGGRESSIVE;
				CLANG_CXX_LANGUAGE_STANDARD = "gnu++20";
				CLANG_ENABLE_MODULES = YES;
				CLANG_ENABLE_OBJC_ARC = YES;
				CLANG_ENABLE_OBJC_WEAK = YES;
				CLANG_WARN_BLOCK_CAPTURE_AUTORELEASING = YES;
				CLANG_WARN_BOOL_CONVERSION = YES;
				CLANG_WARN_COMMA = YES;
				CLANG_WARN_CONSTANT_CONVERSION = YES;
				CLANG_WARN_DEPRECATED_OBJC_IMPLEMENTATIONS = YES;
				CLANG_WARN_DIRECT_OBJC_ISA_USAGE = YES_ERROR;
				CLANG_WARN_DOCUMENTATION_COMMENTS = YES;
				CLANG_WARN_EMPTY_BODY = YES;
				CLANG_WARN_ENUM_CONVERSION = YES;
				CLANG_WARN_INFINITE_RECURSION = YES;
				CLANG_WARN_INT_CONVERSION = YES;
				CLANG_WARN_NON_LITERAL_NULL_CONVERSION = YES;
				CLANG_WARN_OBJC_IMPLICIT_RETAIN_SELF = YES;
				CLANG_WARN_OBJC_LITERAL_CONVERSION = YES;
				CLANG_WARN_OBJC_ROOT_CLASS = YES_ERROR;
				CLANG_WARN_QUOTED_INCLUDE_IN_FRAMEWORK_HEADER = YES;
				CLANG_WARN_RANGE_LOOP_ANALYSIS = YES;
				CLANG_WARN_STRICT_PROTOTYPES = YES;
				CLANG_WARN_SUSPICIOUS_MOVE = YES;
				CLANG_WARN_UNGUARDED_AVAILABILITY = YES_AGGRESSIVE;
				CLANG_WARN_UNREACHABLE_CODE = YES;
				CLANG_WARN__DUPLICATE_METHOD_MATCH = YES;
				COPY_PHASE_STRIP = NO;
				DEBUG_INFORMATION_FORMAT = dwarf;
				ENABLE_STRICT_OBJC_MSGSEND = YES;
				ENABLE_TESTABILITY = YES;
				ENABLE_USER_SCRIPT_SANDBOXING = YES;
				GCC_C_LANGUAGE_STANDARD = gnu17;
				GCC_DYNAMIC_NO_PIC = NO;
				GCC_NO_COMMON_BLOCKS = YES;
				GCC_OPTIMIZATION_LEVEL = 0;
				GCC_PREPROCESSOR_DEFINITIONS = (
					"DEBUG=1",
					"$(inherited)",
				);
				GCC_WARN_64_TO_32_BIT_CONVERSION = YES;
				GCC_WARN_ABOUT_RETURN_TYPE = YES_ERROR;
				GCC_WARN_UNDECLARED_SELECTOR = YES;
				GCC_WARN_UNINITIALIZED_AUTOS = YES_AGGRESSIVE;
				GCC_WARN_UNUSED_FUNCTION = YES;
				GCC_WARN_UNUSED_VARIABLE = YES;
				IPHONEOS_DEPLOYMENT_TARGET = 17.2;
				LOCALIZATION_PREFERS_STRING_CATALOGS = YES;
				MTL_ENABLE_DEBUG_INFO = INCLUDE_SOURCE;
				MTL_FAST_MATH = YES;
				ONLY_ACTIVE_ARCH = YES;
				SDKROOT = iphoneos;
				SWIFT_ACTIVE_COMPILATION_CONDITIONS = "DEBUG $(inherited)";
				SWIFT_OPTIMIZATION_LEVEL = "-Onone";
			};
			name = Debug;
		};
		3F9FD1802BD0DFB70004F4EC /* Release */ = {
			isa = XCBuildConfiguration;
			buildSettings = {
				ALWAYS_SEARCH_USER_PATHS = NO;
				ASSETCATALOG_COMPILER_GENERATE_SWIFT_ASSET_SYMBOL_EXTENSIONS = YES;
				CLANG_ANALYZER_NONNULL = YES;
				CLANG_ANALYZER_NUMBER_OBJECT_CONVERSION = YES_AGGRESSIVE;
				CLANG_CXX_LANGUAGE_STANDARD = "gnu++20";
				CLANG_ENABLE_MODULES = YES;
				CLANG_ENABLE_OBJC_ARC = YES;
				CLANG_ENABLE_OBJC_WEAK = YES;
				CLANG_WARN_BLOCK_CAPTURE_AUTORELEASING = YES;
				CLANG_WARN_BOOL_CONVERSION = YES;
				CLANG_WARN_COMMA = YES;
				CLANG_WARN_CONSTANT_CONVERSION = YES;
				CLANG_WARN_DEPRECATED_OBJC_IMPLEMENTATIONS = YES;
				CLANG_WARN_DIRECT_OBJC_ISA_USAGE = YES_ERROR;
				CLANG_WARN_DOCUMENTATION_COMMENTS = YES;
				CLANG_WARN_EMPTY_BODY = YES;
				CLANG_WARN_ENUM_CONVERSION = YES;
				CLANG_WARN_INFINITE_RECURSION = YES;
				CLANG_WARN_INT_CONVERSION = YES;
				CLANG_WARN_NON_LITERAL_NULL_CONVERSION = YES;
				CLANG_WARN_OBJC_IMPLICIT_RETAIN_SELF = YES;
				CLANG_WARN_OBJC_LITERAL_CONVERSION = YES;
				CLANG_WARN_OBJC_ROOT_CLASS = YES_ERROR;
				CLANG_WARN_QUOTED_INCLUDE_IN_FRAMEWORK_HEADER = YES;
				CLANG_WARN_RANGE_LOOP_ANALYSIS = YES;
				CLANG_WARN_STRICT_PROTOTYPES = YES;
				CLANG_WARN_SUSPICIOUS_MOVE = YES;
				CLANG_WARN_UNGUARDED_AVAILABILITY = YES_AGGRESSIVE;
				CLANG_WARN_UNREACHABLE_CODE = YES;
				CLANG_WARN__DUPLICATE_METHOD_MATCH = YES;
				COPY_PHASE_STRIP = NO;
				DEBUG_INFORMATION_FORMAT = "dwarf-with-dsym";
				ENABLE_NS_ASSERTIONS = NO;
				ENABLE_STRICT_OBJC_MSGSEND = YES;
				ENABLE_USER_SCRIPT_SANDBOXING = YES;
				GCC_C_LANGUAGE_STANDARD = gnu17;
				GCC_NO_COMMON_BLOCKS = YES;
				GCC_WARN_64_TO_32_BIT_CONVERSION = YES;
				GCC_WARN_ABOUT_RETURN_TYPE = YES_ERROR;
				GCC_WARN_UNDECLARED_SELECTOR = YES;
				GCC_WARN_UNINITIALIZED_AUTOS = YES_AGGRESSIVE;
				GCC_WARN_UNUSED_FUNCTION = YES;
				GCC_WARN_UNUSED_VARIABLE = YES;
				IPHONEOS_DEPLOYMENT_TARGET = 17.2;
				LOCALIZATION_PREFERS_STRING_CATALOGS = YES;
				MTL_ENABLE_DEBUG_INFO = NO;
				MTL_FAST_MATH = YES;
				SDKROOT = iphoneos;
				SWIFT_COMPILATION_MODE = wholemodule;
				VALIDATE_PRODUCT = YES;
			};
			name = Release;
		};
		3F9FD1822BD0DFB70004F4EC /* Debug */ = {
			isa = XCBuildConfiguration;
			buildSettings = {
				ALWAYS_EMBED_SWIFT_STANDARD_LIBRARIES = YES;
				ASSETCATALOG_COMPILER_APPICON_NAME = AppIcon;
				ASSETCATALOG_COMPILER_GLOBAL_ACCENT_COLOR_NAME = AccentColor;
				CODE_SIGN_STYLE = Automatic;
				CURRENT_PROJECT_VERSION = 1;
				DEVELOPMENT_ASSET_PATHS = "\"Landmarks/Preview Content\"";
				ENABLE_PREVIEWS = YES;
				GENERATE_INFOPLIST_FILE = YES;
				INFOPLIST_KEY_UIApplicationSceneManifest_Generation = YES;
				INFOPLIST_KEY_UIApplicationSupportsIndirectInputEvents = YES;
				INFOPLIST_KEY_UILaunchScreen_Generation = YES;
				INFOPLIST_KEY_UISupportedInterfaceOrientations_iPad = "UIInterfaceOrientationPortrait UIInterfaceOrientationPortraitUpsideDown UIInterfaceOrientationLandscapeLeft UIInterfaceOrientationLandscapeRight";
				INFOPLIST_KEY_UISupportedInterfaceOrientations_iPhone = "UIInterfaceOrientationPortrait UIInterfaceOrientationLandscapeLeft UIInterfaceOrientationLandscapeRight";
				LD_RUNPATH_SEARCH_PATHS = (
					"$(inherited)",
					"@executable_path/Frameworks",
				);
				MARKETING_VERSION = 1.0;
				PRODUCT_BUNDLE_IDENTIFIER = Bryan.Landmarks;
				PRODUCT_NAME = "$(TARGET_NAME)";
				SWIFT_EMIT_LOC_STRINGS = YES;
				SWIFT_VERSION = 5.0;
				TARGETED_DEVICE_FAMILY = "1,2";
			};
			name = Debug;
		};
		3F9FD1832BD0DFB70004F4EC /* Release */ = {
			isa = XCBuildConfiguration;
			buildSettings = {
				ALWAYS_EMBED_SWIFT_STANDARD_LIBRARIES = YES;
				ASSETCATALOG_COMPILER_APPICON_NAME = AppIcon;
				ASSETCATALOG_COMPILER_GLOBAL_ACCENT_COLOR_NAME = AccentColor;
				CODE_SIGN_STYLE = Automatic;
				CURRENT_PROJECT_VERSION = 1;
				DEVELOPMENT_ASSET_PATHS = "\"Landmarks/Preview Content\"";
				ENABLE_PREVIEWS = YES;
				GENERATE_INFOPLIST_FILE = YES;
				INFOPLIST_KEY_UIApplicationSceneManifest_Generation = YES;
				INFOPLIST_KEY_UIApplicationSupportsIndirectInputEvents = YES;
				INFOPLIST_KEY_UILaunchScreen_Generation = YES;
				INFOPLIST_KEY_UISupportedInterfaceOrientations_iPad = "UIInterfaceOrientationPortrait UIInterfaceOrientationPortraitUpsideDown UIInterfaceOrientationLandscapeLeft UIInterfaceOrientationLandscapeRight";
				INFOPLIST_KEY_UISupportedInterfaceOrientations_iPhone = "UIInterfaceOrientationPortrait UIInterfaceOrientationLandscapeLeft UIInterfaceOrientationLandscapeRight";
				LD_RUNPATH_SEARCH_PATHS = (
					"$(inherited)",
					"@executable_path/Frameworks",
				);
				MARKETING_VERSION = 1.0;
				PRODUCT_BUNDLE_IDENTIFIER = Bryan.Landmarks;
				PRODUCT_NAME = "$(TARGET_NAME)";
				SWIFT_EMIT_LOC_STRINGS = YES;
				SWIFT_VERSION = 5.0;
				TARGETED_DEVICE_FAMILY = "1,2";
			};
			name = Release;
		};
		3F9FD1852BD0DFB70004F4EC /* Debug */ = {
			isa = XCBuildConfiguration;
			buildSettings = {
				ALWAYS_EMBED_SWIFT_STANDARD_LIBRARIES = YES;
				BUNDLE_LOADER = "$(TEST_HOST)";
				CODE_SIGN_STYLE = Automatic;
				CURRENT_PROJECT_VERSION = 1;
				GENERATE_INFOPLIST_FILE = YES;
				IPHONEOS_DEPLOYMENT_TARGET = 17.2;
				MARKETING_VERSION = 1.0;
				PRODUCT_BUNDLE_IDENTIFIER = Bryan.LandmarksTests;
				PRODUCT_NAME = "$(TARGET_NAME)";
				SWIFT_EMIT_LOC_STRINGS = NO;
				SWIFT_VERSION = 5.0;
				TARGETED_DEVICE_FAMILY = "1,2";
				TEST_HOST = "$(BUILT_PRODUCTS_DIR)/Landmarks.app/$(BUNDLE_EXECUTABLE_FOLDER_PATH)/Landmarks";
			};
			name = Debug;
		};
		3F9FD1862BD0DFB70004F4EC /* Release */ = {
			isa = XCBuildConfiguration;
			buildSettings = {
				ALWAYS_EMBED_SWIFT_STANDARD_LIBRARIES = YES;
				BUNDLE_LOADER = "$(TEST_HOST)";
				CODE_SIGN_STYLE = Automatic;
				CURRENT_PROJECT_VERSION = 1;
				GENERATE_INFOPLIST_FILE = YES;
				IPHONEOS_DEPLOYMENT_TARGET = 17.2;
				MARKETING_VERSION = 1.0;
				PRODUCT_BUNDLE_IDENTIFIER = Bryan.LandmarksTests;
				PRODUCT_NAME = "$(TARGET_NAME)";
				SWIFT_EMIT_LOC_STRINGS = NO;
				SWIFT_VERSION = 5.0;
				TARGETED_DEVICE_FAMILY = "1,2";
				TEST_HOST = "$(BUILT_PRODUCTS_DIR)/Landmarks.app/$(BUNDLE_EXECUTABLE_FOLDER_PATH)/Landmarks";
			};
			name = Release;
		};
		3F9FD1882BD0DFB70004F4EC /* Debug */ = {
			isa = XCBuildConfiguration;
			buildSettings = {
				ALWAYS_EMBED_SWIFT_STANDARD_LIBRARIES = YES;
				CODE_SIGN_STYLE = Automatic;
				CURRENT_PROJECT_VERSION = 1;
				GENERATE_INFOPLIST_FILE = YES;
				MARKETING_VERSION = 1.0;
				PRODUCT_BUNDLE_IDENTIFIER = Bryan.LandmarksUITests;
				PRODUCT_NAME = "$(TARGET_NAME)";
				SWIFT_EMIT_LOC_STRINGS = NO;
				SWIFT_VERSION = 5.0;
				TARGETED_DEVICE_FAMILY = "1,2";
				TEST_TARGET_NAME = Landmarks;
			};
			name = Debug;
		};
		3F9FD1892BD0DFB70004F4EC /* Release */ = {
			isa = XCBuildConfiguration;
			buildSettings = {
				ALWAYS_EMBED_SWIFT_STANDARD_LIBRARIES = YES;
				CODE_SIGN_STYLE = Automatic;
				CURRENT_PROJECT_VERSION = 1;
				GENERATE_INFOPLIST_FILE = YES;
				MARKETING_VERSION = 1.0;
				PRODUCT_BUNDLE_IDENTIFIER = Bryan.LandmarksUITests;
				PRODUCT_NAME = "$(TARGET_NAME)";
				SWIFT_EMIT_LOC_STRINGS = NO;
				SWIFT_VERSION = 5.0;
				TARGETED_DEVICE_FAMILY = "1,2";
				TEST_TARGET_NAME = Landmarks;
			};
			name = Release;
		};
		3FB669162BDA27480069A0C5 /* Debug */ = {
			isa = XCBuildConfiguration;
			buildSettings = {
				ASSETCATALOG_COMPILER_APPICON_NAME = AppIcon;
				ASSETCATALOG_COMPILER_GLOBAL_ACCENT_COLOR_NAME = AccentColor;
				CODE_SIGN_STYLE = Automatic;
				CURRENT_PROJECT_VERSION = 1;
				DEVELOPMENT_ASSET_PATHS = "\"WatchLandmarks Watch App/Preview Content\"";
				ENABLE_PREVIEWS = YES;
				GENERATE_INFOPLIST_FILE = YES;
				INFOPLIST_KEY_CFBundleDisplayName = WatchLandmarks;
				INFOPLIST_KEY_UISupportedInterfaceOrientations = "UIInterfaceOrientationPortrait UIInterfaceOrientationPortraitUpsideDown";
				INFOPLIST_KEY_WKCompanionAppBundleIdentifier = Bryan.Landmarks;
				INFOPLIST_KEY_WKRunsIndependentlyOfCompanionApp = YES;
				LD_RUNPATH_SEARCH_PATHS = (
					"$(inherited)",
					"@executable_path/Frameworks",
				);
				MARKETING_VERSION = 1.0;
				PRODUCT_BUNDLE_IDENTIFIER = Bryan.Landmarks.watchkitapp;
				PRODUCT_NAME = "$(TARGET_NAME)";
				SDKROOT = watchos;
				SKIP_INSTALL = YES;
				SWIFT_EMIT_LOC_STRINGS = YES;
				SWIFT_VERSION = 5.0;
				TARGETED_DEVICE_FAMILY = 4;
				WATCHOS_DEPLOYMENT_TARGET = 10.2;
			};
			name = Debug;
		};
		3FB669172BDA27480069A0C5 /* Release */ = {
			isa = XCBuildConfiguration;
			buildSettings = {
				ASSETCATALOG_COMPILER_APPICON_NAME = AppIcon;
				ASSETCATALOG_COMPILER_GLOBAL_ACCENT_COLOR_NAME = AccentColor;
				CODE_SIGN_STYLE = Automatic;
				CURRENT_PROJECT_VERSION = 1;
				DEVELOPMENT_ASSET_PATHS = "\"WatchLandmarks Watch App/Preview Content\"";
				ENABLE_PREVIEWS = YES;
				GENERATE_INFOPLIST_FILE = YES;
				INFOPLIST_KEY_CFBundleDisplayName = WatchLandmarks;
				INFOPLIST_KEY_UISupportedInterfaceOrientations = "UIInterfaceOrientationPortrait UIInterfaceOrientationPortraitUpsideDown";
				INFOPLIST_KEY_WKCompanionAppBundleIdentifier = Bryan.Landmarks;
				INFOPLIST_KEY_WKRunsIndependentlyOfCompanionApp = YES;
				LD_RUNPATH_SEARCH_PATHS = (
					"$(inherited)",
					"@executable_path/Frameworks",
				);
				MARKETING_VERSION = 1.0;
				PRODUCT_BUNDLE_IDENTIFIER = Bryan.Landmarks.watchkitapp;
				PRODUCT_NAME = "$(TARGET_NAME)";
				SDKROOT = watchos;
				SKIP_INSTALL = YES;
				SWIFT_EMIT_LOC_STRINGS = YES;
				SWIFT_VERSION = 5.0;
				TARGETED_DEVICE_FAMILY = 4;
				WATCHOS_DEPLOYMENT_TARGET = 10.2;
			};
			name = Release;
		};
/* End XCBuildConfiguration section */

/* Begin XCConfigurationList section */
		3F9FD1582BD0DFB60004F4EC /* Build configuration list for PBXProject "Landmarks" */ = {
			isa = XCConfigurationList;
			buildConfigurations = (
				3F9FD17F2BD0DFB70004F4EC /* Debug */,
				3F9FD1802BD0DFB70004F4EC /* Release */,
			);
			defaultConfigurationIsVisible = 0;
			defaultConfigurationName = Release;
		};
		3F9FD1812BD0DFB70004F4EC /* Build configuration list for PBXNativeTarget "Landmarks" */ = {
			isa = XCConfigurationList;
			buildConfigurations = (
				3F9FD1822BD0DFB70004F4EC /* Debug */,
				3F9FD1832BD0DFB70004F4EC /* Release */,
			);
			defaultConfigurationIsVisible = 0;
			defaultConfigurationName = Release;
		};
		3F9FD1842BD0DFB70004F4EC /* Build configuration list for PBXNativeTarget "LandmarksTests" */ = {
			isa = XCConfigurationList;
			buildConfigurations = (
				3F9FD1852BD0DFB70004F4EC /* Debug */,
				3F9FD1862BD0DFB70004F4EC /* Release */,
			);
			defaultConfigurationIsVisible = 0;
			defaultConfigurationName = Release;
		};
		3F9FD1872BD0DFB70004F4EC /* Build configuration list for PBXNativeTarget "LandmarksUITests" */ = {
			isa = XCConfigurationList;
			buildConfigurations = (
				3F9FD1882BD0DFB70004F4EC /* Debug */,
				3F9FD1892BD0DFB70004F4EC /* Release */,
			);
			defaultConfigurationIsVisible = 0;
			defaultConfigurationName = Release;
		};
		3FB669182BDA27480069A0C5 /* Build configuration list for PBXNativeTarget "WatchLandmarks Watch App" */ = {
			isa = XCConfigurationList;
			buildConfigurations = (
				3FB669162BDA27480069A0C5 /* Debug */,
				3FB669172BDA27480069A0C5 /* Release */,
			);
			defaultConfigurationIsVisible = 0;
			defaultConfigurationName = Release;
		};
/* End XCConfigurationList section */
	};
	rootObject = 3F9FD1552BD0DFB60004F4EC /* Project object */;
}
